
Microsoft Visual Studio Solution File, Format Version 12.00
# Visual Studio Version 17
VisualStudioVersion = 17.11.35219.272
MinimumVisualStudioVersion = 10.0.40219.1
Project("{FAE04EC0-301F-11D3-BF4B-00C04F79EFBC}") = "arboles", "arboles.csproj", "{7B99C364-A9C9-4962-85F1-ECE009D128E7}"
EndProject
Global
	GlobalSection(SolutionConfigurationPlatforms) = preSolution
		Debug|Any CPU = Debug|Any CPU
		Release|Any CPU = Release|Any CPU
	EndGlobalSection
	GlobalSection(ProjectConfigurationPlatforms) = postSolution
		{7B99C364-A9C9-4962-85F1-ECE009D128E7}.Debug|Any CPU.ActiveCfg = Debug|Any CPU
		{7B99C364-A9C9-4962-85F1-ECE009D128E7}.Debug|Any CPU.Build.0 = Debug|Any CPU
		{7B99C364-A9C9-4962-85F1-ECE009D128E7}.Release|Any CPU.ActiveCfg = Release|Any CPU
		{7B99C364-A9C9-4962-85F1-ECE009D128E7}.Release|Any CPU.Build.0 = Release|Any CPU
	EndGlobalSection
	GlobalSection(SolutionProperties) = preSolution
		HideSolutionNode = FALSE
	EndGlobalSection
	GlobalSection(ExtensibilityGlobals) = postSolution
		SolutionGuid = {E15BA9F2-7411-4E22-A952-A12C954CD41F}
	EndGlobalSection
EndGlobal
