
Microsoft Visual Studio Solution File, Format Version 12.00
# Visual Studio Version 17
VisualStudioVersion = 17.11.35219.272
MinimumVisualStudioVersion = 10.0.40219.1
Project("{FAE04EC0-301F-11D3-BF4B-00C04F79EFBC}") = "Parte 2", "Parte 2.csproj", "{893421D9-61E7-4926-8BF1-1AE6C2780FBC}"
EndProject
Global
	GlobalSection(SolutionConfigurationPlatforms) = preSolution
		Debug|Any CPU = Debug|Any CPU
		Release|Any CPU = Release|Any CPU
	EndGlobalSection
	GlobalSection(ProjectConfigurationPlatforms) = postSolution
		{893421D9-61E7-4926-8BF1-1AE6C2780FBC}.Debug|Any CPU.ActiveCfg = Debug|Any CPU
		{893421D9-61E7-4926-8BF1-1AE6C2780FBC}.Debug|Any CPU.Build.0 = Debug|Any CPU
		{893421D9-61E7-4926-8BF1-1AE6C2780FBC}.Release|Any CPU.ActiveCfg = Release|Any CPU
		{893421D9-61E7-4926-8BF1-1AE6C2780FBC}.Release|Any CPU.Build.0 = Release|Any CPU
	EndGlobalSection
	GlobalSection(SolutionProperties) = preSolution
		HideSolutionNode = FALSE
	EndGlobalSection
	GlobalSection(ExtensibilityGlobals) = postSolution
		SolutionGuid = {EBF3BFC8-735A-4075-890A-51E4EEAEE819}
	EndGlobalSection
EndGlobal
