
Microsoft Visual Studio Solution File, Format Version 12.00
# Visual Studio Version 17
VisualStudioVersion = 17.11.35219.272
MinimumVisualStudioVersion = 10.0.40219.1
Project("{FAE04EC0-301F-11D3-BF4B-00C04F79EFBC}") = "7", "7.csproj", "{BD6EF227-8E0B-41BB-BAEB-5037FD9B8172}"
EndProject
Global
	GlobalSection(SolutionConfigurationPlatforms) = preSolution
		Debug|Any CPU = Debug|Any CPU
		Release|Any CPU = Release|Any CPU
	EndGlobalSection
	GlobalSection(ProjectConfigurationPlatforms) = postSolution
		{BD6EF227-8E0B-41BB-BAEB-5037FD9B8172}.Debug|Any CPU.ActiveCfg = Debug|Any CPU
		{BD6EF227-8E0B-41BB-BAEB-5037FD9B8172}.Debug|Any CPU.Build.0 = Debug|Any CPU
		{BD6EF227-8E0B-41BB-BAEB-5037FD9B8172}.Release|Any CPU.ActiveCfg = Release|Any CPU
		{BD6EF227-8E0B-41BB-BAEB-5037FD9B8172}.Release|Any CPU.Build.0 = Release|Any CPU
	EndGlobalSection
	GlobalSection(SolutionProperties) = preSolution
		HideSolutionNode = FALSE
	EndGlobalSection
	GlobalSection(ExtensibilityGlobals) = postSolution
		SolutionGuid = {008CEFDB-8609-4278-A676-EA4AB18CA125}
	EndGlobalSection
EndGlobal
