
Microsoft Visual Studio Solution File, Format Version 12.00
# Visual Studio Version 17
VisualStudioVersion = 17.11.35219.272
MinimumVisualStudioVersion = 10.0.40219.1
Project("{FAE04EC0-301F-11D3-BF4B-00C04F79EFBC}") = "Ejercicio2", "Ejercicio2.csproj", "{D97B1723-314B-499F-8F9F-4BEBDDBF0BA9}"
EndProject
Global
	GlobalSection(SolutionConfigurationPlatforms) = preSolution
		Debug|Any CPU = Debug|Any CPU
		Release|Any CPU = Release|Any CPU
	EndGlobalSection
	GlobalSection(ProjectConfigurationPlatforms) = postSolution
		{D97B1723-314B-499F-8F9F-4BEBDDBF0BA9}.Debug|Any CPU.ActiveCfg = Debug|Any CPU
		{D97B1723-314B-499F-8F9F-4BEBDDBF0BA9}.Debug|Any CPU.Build.0 = Debug|Any CPU
		{D97B1723-314B-499F-8F9F-4BEBDDBF0BA9}.Release|Any CPU.ActiveCfg = Release|Any CPU
		{D97B1723-314B-499F-8F9F-4BEBDDBF0BA9}.Release|Any CPU.Build.0 = Release|Any CPU
	EndGlobalSection
	GlobalSection(SolutionProperties) = preSolution
		HideSolutionNode = FALSE
	EndGlobalSection
	GlobalSection(ExtensibilityGlobals) = postSolution
		SolutionGuid = {E858C01E-8720-41D8-BA8A-FBE46A0BE5E5}
	EndGlobalSection
EndGlobal
